
Microsoft Visual Studio Solution File, Format Version 12.00
# Visual Studio Version 16
VisualStudioVersion = 16.0.31205.134
MinimumVisualStudioVersion = 10.0.40219.1
Project("{FAE04EC0-301F-11D3-BF4B-00C04F79EFBC}") = "v0623", "v0623\v0623.csproj", "{3F96E98A-EACB-496F-A30A-15DAF8E4872B}"
EndProject
Global
	GlobalSection(SolutionConfigurationPlatforms) = preSolution
		Debug|Any CPU = Debug|Any CPU
		Release|Any CPU = Release|Any CPU
	EndGlobalSection
	GlobalSection(ProjectConfigurationPlatforms) = postSolution
		{3F96E98A-EACB-496F-A30A-15DAF8E4872B}.Debug|Any CPU.ActiveCfg = Debug|Any CPU
		{3F96E98A-EACB-496F-A30A-15DAF8E4872B}.Debug|Any CPU.Build.0 = Debug|Any CPU
		{3F96E98A-EACB-496F-A30A-15DAF8E4872B}.Release|Any CPU.ActiveCfg = Release|Any CPU
		{3F96E98A-EACB-496F-A30A-15DAF8E4872B}.Release|Any CPU.Build.0 = Release|Any CPU
	EndGlobalSection
	GlobalSection(SolutionProperties) = preSolution
		HideSolutionNode = FALSE
	EndGlobalSection
	GlobalSection(ExtensibilityGlobals) = postSolution
		SolutionGuid = {4E83DB48-9D99-4DF8-B487-0C461AAA19FE}
	EndGlobalSection
EndGlobal
